// !$*UTF8*$!
{
	archiveVersion = 1;
	classes = {
	};
	objectVersion = 51;
	objects = {

/* Begin PBXBuildFile section */
		8772923026596AF0008D5B1C /* Roboto-Bold.ttf in Resources */ = {isa = PBXBuildFile; fileRef = 877291FC26596A76008D5B1C /* Roboto-Bold.ttf */; };
		8772923126596AF0008D5B1C /* Roboto-LightItalic.ttf in Resources */ = {isa = PBXBuildFile; fileRef = 8772920426596A77008D5B1C /* Roboto-LightItalic.ttf */; };
		8772923226596AF0008D5B1C /* Roboto-Black.ttf in Resources */ = {isa = PBXBuildFile; fileRef = 8772920226596A77008D5B1C /* Roboto-Black.ttf */; };
		8772923326596AF0008D5B1C /* Roboto-BoldItalic.ttf in Resources */ = {isa = PBXBuildFile; fileRef = 877291FE26596A77008D5B1C /* Roboto-BoldItalic.ttf */; };
		8772923426596AF0008D5B1C /* Roboto-Light.ttf in Resources */ = {isa = PBXBuildFile; fileRef = 8772920326596A77008D5B1C /* Roboto-Light.ttf */; };
		8772923526596AF0008D5B1C /* Roboto-Regular.ttf in Resources */ = {isa = PBXBuildFile; fileRef = 877291FA26596A76008D5B1C /* Roboto-Regular.ttf */; };
		8772923626596AF0008D5B1C /* Roboto-Italic.ttf in Resources */ = {isa = PBXBuildFile; fileRef = 877291FB26596A76008D5B1C /* Roboto-Italic.ttf */; };
		8772923726596AF0008D5B1C /* Roboto-Medium.ttf in Resources */ = {isa = PBXBuildFile; fileRef = 877291FF26596A77008D5B1C /* Roboto-Medium.ttf */; };
		8772923826596AF0008D5B1C /* Roboto-Thin.ttf in Resources */ = {isa = PBXBuildFile; fileRef = 8772920126596A77008D5B1C /* Roboto-Thin.ttf */; };
		8772923926596AF0008D5B1C /* Roboto-MediumItalic.ttf in Resources */ = {isa = PBXBuildFile; fileRef = 877291FD26596A77008D5B1C /* Roboto-MediumItalic.ttf */; };
		8772923A26596AF0008D5B1C /* Roboto-ThinItalic.ttf in Resources */ = {isa = PBXBuildFile; fileRef = 877291F926596A76008D5B1C /* Roboto-ThinItalic.ttf */; };
		8772923B26596AF0008D5B1C /* Roboto-BlackItalic.ttf in Resources */ = {isa = PBXBuildFile; fileRef = 8772920026596A77008D5B1C /* Roboto-BlackItalic.ttf */; };
		8772923E26596B2C008D5B1C /* BaseURL.swift in Sources */ = {isa = PBXBuildFile; fileRef = 8772923D26596B2C008D5B1C /* BaseURL.swift */; };
		87CE3B582647EF4F00079385 /* RestaurantsPresenter.swift in Sources */ = {isa = PBXBuildFile; fileRef = 87CE3B572647EF4F00079385 /* RestaurantsPresenter.swift */; };
		87CE3B5E2647EF9600079385 /* RestaurantsViewController.swift in Sources */ = {isa = PBXBuildFile; fileRef = 87CE3B5D2647EF9600079385 /* RestaurantsViewController.swift */; };
		87DD0C86262C882400342664 /* StoCollectionViewCell.swift in Sources */ = {isa = PBXBuildFile; fileRef = 87DD0C85262C882400342664 /* StoCollectionViewCell.swift */; };
		950E10C527DB1C9700042A24 /* OrdersViewController.swift in Sources */ = {isa = PBXBuildFile; fileRef = 950E10C427DB1C9700042A24 /* OrdersViewController.swift */; };
		950E10CC27DB25B300042A24 /* FakeOrders.swift in Sources */ = {isa = PBXBuildFile; fileRef = 950E10CB27DB25B300042A24 /* FakeOrders.swift */; };
		950E10CE27DB26E000042A24 /* OrdersPresenter.swift in Sources */ = {isa = PBXBuildFile; fileRef = 950E10CD27DB26E000042A24 /* OrdersPresenter.swift */; };
		950E10D127DB27B900042A24 /* OrderCell.swift in Sources */ = {isa = PBXBuildFile; fileRef = 950E10D027DB27B900042A24 /* OrderCell.swift */; };
		950E10D327DB27DF00042A24 /* OrderCell.xib in Resources */ = {isa = PBXBuildFile; fileRef = 950E10D227DB27DF00042A24 /* OrderCell.xib */; };
		950E10D627DF0D0C00042A24 /* UIDevice.swift in Sources */ = {isa = PBXBuildFile; fileRef = 950E10D527DF0D0C00042A24 /* UIDevice.swift */; };
		95268EC7264BE3830092739E /* RestaurantsDetailsPresenter.swift in Sources */ = {isa = PBXBuildFile; fileRef = 95268EC6264BE3830092739E /* RestaurantsDetailsPresenter.swift */; };
		9528402A27D0B37500408E2C /* Alerts.strings in Resources */ = {isa = PBXBuildFile; fileRef = 9528402927D0B37500408E2C /* Alerts.strings */; };
		9528402D27D0B57900408E2C /* Colors.strings in Resources */ = {isa = PBXBuildFile; fileRef = 9528402C27D0B57900408E2C /* Colors.strings */; };
		9528403827D0B91200408E2C /* TowTruck.strings in Resources */ = {isa = PBXBuildFile; fileRef = 9528403727D0B91200408E2C /* TowTruck.strings */; };
		9528404527D0BE7E00408E2C /* Restaurants.strings in Resources */ = {isa = PBXBuildFile; fileRef = 9528404427D0BE7E00408E2C /* Restaurants.strings */; };
		9528405027D350F300408E2C /* EntryViewController.swift in Sources */ = {isa = PBXBuildFile; fileRef = 9528404F27D350F300408E2C /* EntryViewController.swift */; };
		9528405527D3512700408E2C /* EntryPresenter.swift in Sources */ = {isa = PBXBuildFile; fileRef = 9528405427D3512700408E2C /* EntryPresenter.swift */; };
		9528405827D36D9000408E2C /* TableViewCellServices.xib in Resources */ = {isa = PBXBuildFile; fileRef = 9528405727D36D9000408E2C /* TableViewCellServices.xib */; };
		9528405A27D36DBD00408E2C /* TableViewCellServices.swift in Sources */ = {isa = PBXBuildFile; fileRef = 9528405927D36DBD00408E2C /* TableViewCellServices.swift */; };
		9528405E27D8AD4E00408E2C /* FakeService.swift in Sources */ = {isa = PBXBuildFile; fileRef = 9528405D27D8AD4E00408E2C /* FakeService.swift */; };
		9528406027D9B1A300408E2C /* Entry.strings in Resources */ = {isa = PBXBuildFile; fileRef = 9528405F27D9B1A300408E2C /* Entry.strings */; };
		954E521227E2F72100D05371 /* R.generated.swift in Sources */ = {isa = PBXBuildFile; fileRef = 954E521127E2F72100D05371 /* R.generated.swift */; };
		9550129E2640F58100E17F1C /* Restorans.swift in Sources */ = {isa = PBXBuildFile; fileRef = 9550129D2640F58100E17F1C /* Restorans.swift */; };
		955A7A7C262B12D1000079BA /*  RestaurantsDetailViewController.swift in Sources */ = {isa = PBXBuildFile; fileRef = 955A7A7B262B12D1000079BA /*  RestaurantsDetailViewController.swift */; };
		9561AEDA27B1318500695DCE /* TowTruckViewController.swift in Sources */ = {isa = PBXBuildFile; fileRef = 9561AED927B1318500695DCE /* TowTruckViewController.swift */; };
		9561AEDC27B1319000695DCE /* TowTruckPresenter.swift in Sources */ = {isa = PBXBuildFile; fileRef = 9561AEDB27B1319000695DCE /* TowTruckPresenter.swift */; };
		9565BB5A27E2393D00190F35 /* FakePromo.swift in Sources */ = {isa = PBXBuildFile; fileRef = 9565BB5927E2393D00190F35 /* FakePromo.swift */; };
		9574EB6427E1085D0070D52E /* PromoTableViewCell.xib in Resources */ = {isa = PBXBuildFile; fileRef = 9574EB6327E1085D0070D52E /* PromoTableViewCell.xib */; };
		9574EB6727E109240070D52E /* PromoCollectionViewCell.swift in Sources */ = {isa = PBXBuildFile; fileRef = 9574EB6627E109240070D52E /* PromoCollectionViewCell.swift */; };
		9574EB6927E1092B0070D52E /* PromoCollectionViewCell.xib in Resources */ = {isa = PBXBuildFile; fileRef = 9574EB6827E1092B0070D52E /* PromoCollectionViewCell.xib */; };
		9589756A27A916CD00CF444B /* FakeRestaurants.swift in Sources */ = {isa = PBXBuildFile; fileRef = 9589756927A916CD00CF444B /* FakeRestaurants.swift */; };
		9589756C27A9192A00CF444B /* FakeReviewModel.swift in Sources */ = {isa = PBXBuildFile; fileRef = 9589756B27A9192A00CF444B /* FakeReviewModel.swift */; };
		958E54D82657626C003BA670 /* CollectionViewCell.swift in Sources */ = {isa = PBXBuildFile; fileRef = 958E54D62657626C003BA670 /* CollectionViewCell.swift */; };
		958E54D92657626C003BA670 /* CollectionViewCell.xib in Resources */ = {isa = PBXBuildFile; fileRef = 958E54D72657626C003BA670 /* CollectionViewCell.xib */; };
		958E54F326576C07003BA670 /* ReviewModel.swift in Sources */ = {isa = PBXBuildFile; fileRef = 958E54F226576C07003BA670 /* ReviewModel.swift */; };
		95954A4827BE6E53008B6B41 /* UIWindow.swift in Sources */ = {isa = PBXBuildFile; fileRef = 95954A4727BE6E53008B6B41 /* UIWindow.swift */; };
		959912BB265158570004C5CC /* TableViewCellHeaderTableViewCell.swift in Sources */ = {isa = PBXBuildFile; fileRef = 959912B9265158570004C5CC /* TableViewCellHeaderTableViewCell.swift */; };
		959912BC265158570004C5CC /* TableViewCellHeaderTableViewCell.xib in Resources */ = {isa = PBXBuildFile; fileRef = 959912BA265158570004C5CC /* TableViewCellHeaderTableViewCell.xib */; };
		959912C22652236E0004C5CC /* TableViewMain.swift in Sources */ = {isa = PBXBuildFile; fileRef = 959912C02652236E0004C5CC /* TableViewMain.swift */; };
		959912C32652236E0004C5CC /* TableViewMain.xib in Resources */ = {isa = PBXBuildFile; fileRef = 959912C12652236E0004C5CC /* TableViewMain.xib */; };
		959912C7265225E90004C5CC /* TableViewCellReview.swift in Sources */ = {isa = PBXBuildFile; fileRef = 959912C5265225E90004C5CC /* TableViewCellReview.swift */; };
		959912C8265225E90004C5CC /* TableViewCellReview.xib in Resources */ = {isa = PBXBuildFile; fileRef = 959912C6265225E90004C5CC /* TableViewCellReview.xib */; };
		95A6B8CA265A29890057CEC9 /* RestaurantsReviewPresenter.swift in Sources */ = {isa = PBXBuildFile; fileRef = 95A6B8C9265A29890057CEC9 /* RestaurantsReviewPresenter.swift */; };
		95A6B8DE265A32F20057CEC9 /*  RestaurantsReviewViewController.swift in Sources */ = {isa = PBXBuildFile; fileRef = 95A6B8DD265A32F20057CEC9 /*  RestaurantsReviewViewController.swift */; };
		95AB487227AA76E40022293B /* WebViewController.swift in Sources */ = {isa = PBXBuildFile; fileRef = 95AB487127AA76E40022293B /* WebViewController.swift */; };
		95AB487427AA76FD0022293B /* WebPresenter.swift in Sources */ = {isa = PBXBuildFile; fileRef = 95AB487327AA76FD0022293B /* WebPresenter.swift */; };
		95AE8A8127BB6F2F00B67501 /* OpenMapDirections.swift in Sources */ = {isa = PBXBuildFile; fileRef = 95AE8A8027BB6F2F00B67501 /* OpenMapDirections.swift */; };
		95B1A86B27AA57A50019BD07 /* GradientButton.swift in Sources */ = {isa = PBXBuildFile; fileRef = 95B1A86A27AA57A50019BD07 /* GradientButton.swift */; };
		95B1A86D27AA58350019BD07 /* UIButton.swift in Sources */ = {isa = PBXBuildFile; fileRef = 95B1A86C27AA58350019BD07 /* UIButton.swift */; };
		95B1A86F27AA58890019BD07 /* UIImage.swift in Sources */ = {isa = PBXBuildFile; fileRef = 95B1A86E27AA58890019BD07 /* UIImage.swift */; };
		95B1A87127AA592D0019BD07 /* UIView.swift in Sources */ = {isa = PBXBuildFile; fileRef = 95B1A87027AA592D0019BD07 /* UIView.swift */; };
		95B1A87327AA5AA90019BD07 /* UIView+Tap.swift in Sources */ = {isa = PBXBuildFile; fileRef = 95B1A87227AA5AA90019BD07 /* UIView+Tap.swift */; };
		95B1A87527AA5AD80019BD07 /* CGAffineTransform.swift in Sources */ = {isa = PBXBuildFile; fileRef = 95B1A87427AA5AD80019BD07 /* CGAffineTransform.swift */; };
		95B1A87727AA5B2D0019BD07 /* UIView+IBInspectable.swift in Sources */ = {isa = PBXBuildFile; fileRef = 95B1A87627AA5B2D0019BD07 /* UIView+IBInspectable.swift */; };
		95B1A87927AA66620019BD07 /* Color.xcassets in Resources */ = {isa = PBXBuildFile; fileRef = 95B1A87827AA66620019BD07 /* Color.xcassets */; };
		95BB7F4F27C3450800129908 /* RestaurantsReview.strings in Resources */ = {isa = PBXBuildFile; fileRef = 95BB7F4E27C3450800129908 /* RestaurantsReview.strings */; };
		95CCF7A226414623004E6309 /* Reachability.swift in Sources */ = {isa = PBXBuildFile; fileRef = 95CCF7A126414623004E6309 /* Reachability.swift */; };
		95DEA56327E0DD8100CDDA47 /* PromoTableViewCell.swift in Sources */ = {isa = PBXBuildFile; fileRef = 95DEA56227E0DD8100CDDA47 /* PromoTableViewCell.swift */; };
		B06923D04B6939A2202ECE97 /* Pods_RestaurantClub.framework in Frameworks */ = {isa = PBXBuildFile; fileRef = 7A8BCE0AAD7E931F7BE90FA1 /* Pods_RestaurantClub.framework */; };
		E4EB4A1022E5DBF100019C8C /* AppDelegate.swift in Sources */ = {isa = PBXBuildFile; fileRef = E4EB4A0F22E5DBF100019C8C /* AppDelegate.swift */; };
		E4EB4A1522E5DBF100019C8C /* Main.storyboard in Resources */ = {isa = PBXBuildFile; fileRef = E4EB4A1322E5DBF100019C8C /* Main.storyboard */; };
		E4EB4A1722E5DC0500019C8C /* Assets.xcassets in Resources */ = {isa = PBXBuildFile; fileRef = E4EB4A1622E5DC0500019C8C /* Assets.xcassets */; };
		E4EB4A1A22E5DC0500019C8C /* LaunchScreen.storyboard in Resources */ = {isa = PBXBuildFile; fileRef = E4EB4A1822E5DC0500019C8C /* LaunchScreen.storyboard */; };
/* End PBXBuildFile section */

/* Begin PBXFileReference section */
		4549439F51F2A852C5449B74 /* Pods-RestaurantClub.debug.xcconfig */ = {isa = PBXFileReference; includeInIndex = 1; lastKnownFileType = text.xcconfig; name = "Pods-RestaurantClub.debug.xcconfig"; path = "Target Support Files/Pods-RestaurantClub/Pods-RestaurantClub.debug.xcconfig"; sourceTree = "<group>"; };
		5F49893D5A25A24E94F1CE1C /* Pods-RestaurantClub.release.xcconfig */ = {isa = PBXFileReference; includeInIndex = 1; lastKnownFileType = text.xcconfig; name = "Pods-RestaurantClub.release.xcconfig"; path = "Target Support Files/Pods-RestaurantClub/Pods-RestaurantClub.release.xcconfig"; sourceTree = "<group>"; };
		7A8BCE0AAD7E931F7BE90FA1 /* Pods_RestaurantClub.framework */ = {isa = PBXFileReference; explicitFileType = wrapper.framework; includeInIndex = 0; path = Pods_RestaurantClub.framework; sourceTree = BUILT_PRODUCTS_DIR; };
		877291F926596A76008D5B1C /* Roboto-ThinItalic.ttf */ = {isa = PBXFileReference; lastKnownFileType = file; path = "Roboto-ThinItalic.ttf"; sourceTree = "<group>"; };
		877291FA26596A76008D5B1C /* Roboto-Regular.ttf */ = {isa = PBXFileReference; lastKnownFileType = file; path = "Roboto-Regular.ttf"; sourceTree = "<group>"; };
		877291FB26596A76008D5B1C /* Roboto-Italic.ttf */ = {isa = PBXFileReference; lastKnownFileType = file; path = "Roboto-Italic.ttf"; sourceTree = "<group>"; };
		877291FC26596A76008D5B1C /* Roboto-Bold.ttf */ = {isa = PBXFileReference; lastKnownFileType = file; path = "Roboto-Bold.ttf"; sourceTree = "<group>"; };
		877291FD26596A77008D5B1C /* Roboto-MediumItalic.ttf */ = {isa = PBXFileReference; lastKnownFileType = file; path = "Roboto-MediumItalic.ttf"; sourceTree = "<group>"; };
		877291FE26596A77008D5B1C /* Roboto-BoldItalic.ttf */ = {isa = PBXFileReference; lastKnownFileType = file; path = "Roboto-BoldItalic.ttf"; sourceTree = "<group>"; };
		877291FF26596A77008D5B1C /* Roboto-Medium.ttf */ = {isa = PBXFileReference; lastKnownFileType = file; path = "Roboto-Medium.ttf"; sourceTree = "<group>"; };
		8772920026596A77008D5B1C /* Roboto-BlackItalic.ttf */ = {isa = PBXFileReference; lastKnownFileType = file; path = "Roboto-BlackItalic.ttf"; sourceTree = "<group>"; };
		8772920126596A77008D5B1C /* Roboto-Thin.ttf */ = {isa = PBXFileReference; lastKnownFileType = file; path = "Roboto-Thin.ttf"; sourceTree = "<group>"; };
		8772920226596A77008D5B1C /* Roboto-Black.ttf */ = {isa = PBXFileReference; lastKnownFileType = file; path = "Roboto-Black.ttf"; sourceTree = "<group>"; };
		8772920326596A77008D5B1C /* Roboto-Light.ttf */ = {isa = PBXFileReference; lastKnownFileType = file; path = "Roboto-Light.ttf"; sourceTree = "<group>"; };
		8772920426596A77008D5B1C /* Roboto-LightItalic.ttf */ = {isa = PBXFileReference; lastKnownFileType = file; path = "Roboto-LightItalic.ttf"; sourceTree = "<group>"; };
		8772923D26596B2C008D5B1C /* BaseURL.swift */ = {isa = PBXFileReference; lastKnownFileType = sourcecode.swift; path = BaseURL.swift; sourceTree = "<group>"; };
		87CE3B572647EF4F00079385 /* RestaurantsPresenter.swift */ = {isa = PBXFileReference; lastKnownFileType = sourcecode.swift; path = RestaurantsPresenter.swift; sourceTree = "<group>"; };
		87CE3B5D2647EF9600079385 /* RestaurantsViewController.swift */ = {isa = PBXFileReference; lastKnownFileType = sourcecode.swift; path = RestaurantsViewController.swift; sourceTree = "<group>"; };
		87DD0C85262C882400342664 /* StoCollectionViewCell.swift */ = {isa = PBXFileReference; lastKnownFileType = sourcecode.swift; path = StoCollectionViewCell.swift; sourceTree = "<group>"; };
		950E10C427DB1C9700042A24 /* OrdersViewController.swift */ = {isa = PBXFileReference; lastKnownFileType = sourcecode.swift; path = OrdersViewController.swift; sourceTree = "<group>"; };
		950E10CB27DB25B300042A24 /* FakeOrders.swift */ = {isa = PBXFileReference; lastKnownFileType = sourcecode.swift; path = FakeOrders.swift; sourceTree = "<group>"; };
		950E10CD27DB26E000042A24 /* OrdersPresenter.swift */ = {isa = PBXFileReference; lastKnownFileType = sourcecode.swift; path = OrdersPresenter.swift; sourceTree = "<group>"; };
		950E10D027DB27B900042A24 /* OrderCell.swift */ = {isa = PBXFileReference; lastKnownFileType = sourcecode.swift; path = OrderCell.swift; sourceTree = "<group>"; };
		950E10D227DB27DF00042A24 /* OrderCell.xib */ = {isa = PBXFileReference; lastKnownFileType = file.xib; path = OrderCell.xib; sourceTree = "<group>"; };
		950E10D527DF0D0C00042A24 /* UIDevice.swift */ = {isa = PBXFileReference; lastKnownFileType = sourcecode.swift; path = UIDevice.swift; sourceTree = "<group>"; };
		95268EC6264BE3830092739E /* RestaurantsDetailsPresenter.swift */ = {isa = PBXFileReference; lastKnownFileType = sourcecode.swift; path = RestaurantsDetailsPresenter.swift; sourceTree = "<group>"; };
		9528402927D0B37500408E2C /* Alerts.strings */ = {isa = PBXFileReference; lastKnownFileType = text.plist.strings; path = Alerts.strings; sourceTree = "<group>"; };
		9528402C27D0B57900408E2C /* Colors.strings */ = {isa = PBXFileReference; lastKnownFileType = text.plist.strings; path = Colors.strings; sourceTree = "<group>"; };
		9528403727D0B91200408E2C /* TowTruck.strings */ = {isa = PBXFileReference; lastKnownFileType = text.plist.strings; path = TowTruck.strings; sourceTree = "<group>"; };
		9528404427D0BE7E00408E2C /* Restaurants.strings */ = {isa = PBXFileReference; lastKnownFileType = text.plist.strings; path = Restaurants.strings; sourceTree = "<group>"; };
		9528404F27D350F300408E2C /* EntryViewController.swift */ = {isa = PBXFileReference; lastKnownFileType = sourcecode.swift; path = EntryViewController.swift; sourceTree = "<group>"; };
		9528405427D3512700408E2C /* EntryPresenter.swift */ = {isa = PBXFileReference; lastKnownFileType = sourcecode.swift; path = EntryPresenter.swift; sourceTree = "<group>"; };
		9528405727D36D9000408E2C /* TableViewCellServices.xib */ = {isa = PBXFileReference; lastKnownFileType = file.xib; path = TableViewCellServices.xib; sourceTree = "<group>"; };
		9528405927D36DBD00408E2C /* TableViewCellServices.swift */ = {isa = PBXFileReference; lastKnownFileType = sourcecode.swift; path = TableViewCellServices.swift; sourceTree = "<group>"; };
		9528405D27D8AD4E00408E2C /* FakeService.swift */ = {isa = PBXFileReference; lastKnownFileType = sourcecode.swift; path = FakeService.swift; sourceTree = "<group>"; };
		9528405F27D9B1A300408E2C /* Entry.strings */ = {isa = PBXFileReference; lastKnownFileType = text.plist.strings; path = Entry.strings; sourceTree = "<group>"; };
		954E521127E2F72100D05371 /* R.generated.swift */ = {isa = PBXFileReference; fileEncoding = 4; lastKnownFileType = sourcecode.swift; name = R.generated.swift; path = RestaurantClub/R.generated.swift; sourceTree = SOURCE_ROOT; };
		9550129D2640F58100E17F1C /* Restorans.swift */ = {isa = PBXFileReference; lastKnownFileType = sourcecode.swift; path = Restorans.swift; sourceTree = "<group>"; };
		955A7A7B262B12D1000079BA /*  RestaurantsDetailViewController.swift */ = {isa = PBXFileReference; lastKnownFileType = sourcecode.swift; path = " RestaurantsDetailViewController.swift"; sourceTree = "<group>"; };
		9561AED927B1318500695DCE /* TowTruckViewController.swift */ = {isa = PBXFileReference; lastKnownFileType = sourcecode.swift; path = TowTruckViewController.swift; sourceTree = "<group>"; };
		9561AEDB27B1319000695DCE /* TowTruckPresenter.swift */ = {isa = PBXFileReference; lastKnownFileType = sourcecode.swift; path = TowTruckPresenter.swift; sourceTree = "<group>"; };
		9565BB5927E2393D00190F35 /* FakePromo.swift */ = {isa = PBXFileReference; lastKnownFileType = sourcecode.swift; path = FakePromo.swift; sourceTree = "<group>"; };
		9574EB6327E1085D0070D52E /* PromoTableViewCell.xib */ = {isa = PBXFileReference; lastKnownFileType = file.xib; path = PromoTableViewCell.xib; sourceTree = "<group>"; };
		9574EB6627E109240070D52E /* PromoCollectionViewCell.swift */ = {isa = PBXFileReference; lastKnownFileType = sourcecode.swift; path = PromoCollectionViewCell.swift; sourceTree = "<group>"; };
		9574EB6827E1092B0070D52E /* PromoCollectionViewCell.xib */ = {isa = PBXFileReference; lastKnownFileType = file.xib; path = PromoCollectionViewCell.xib; sourceTree = "<group>"; };
		9589756927A916CD00CF444B /* FakeRestaurants.swift */ = {isa = PBXFileReference; lastKnownFileType = sourcecode.swift; path = FakeRestaurants.swift; sourceTree = "<group>"; };
		9589756B27A9192A00CF444B /* FakeReviewModel.swift */ = {isa = PBXFileReference; lastKnownFileType = sourcecode.swift; path = FakeReviewModel.swift; sourceTree = "<group>"; };
		958E54D62657626C003BA670 /* CollectionViewCell.swift */ = {isa = PBXFileReference; lastKnownFileType = sourcecode.swift; path = CollectionViewCell.swift; sourceTree = "<group>"; };
		958E54D72657626C003BA670 /* CollectionViewCell.xib */ = {isa = PBXFileReference; lastKnownFileType = file.xib; path = CollectionViewCell.xib; sourceTree = "<group>"; };
		958E54F226576C07003BA670 /* ReviewModel.swift */ = {isa = PBXFileReference; fileEncoding = 4; lastKnownFileType = sourcecode.swift; path = ReviewModel.swift; sourceTree = "<group>"; };
		95954A4727BE6E53008B6B41 /* UIWindow.swift */ = {isa = PBXFileReference; lastKnownFileType = sourcecode.swift; path = UIWindow.swift; sourceTree = "<group>"; };
		959912B9265158570004C5CC /* TableViewCellHeaderTableViewCell.swift */ = {isa = PBXFileReference; lastKnownFileType = sourcecode.swift; path = TableViewCellHeaderTableViewCell.swift; sourceTree = "<group>"; };
		959912BA265158570004C5CC /* TableViewCellHeaderTableViewCell.xib */ = {isa = PBXFileReference; lastKnownFileType = file.xib; path = TableViewCellHeaderTableViewCell.xib; sourceTree = "<group>"; };
		959912C02652236E0004C5CC /* TableViewMain.swift */ = {isa = PBXFileReference; lastKnownFileType = sourcecode.swift; path = TableViewMain.swift; sourceTree = "<group>"; };
		959912C12652236E0004C5CC /* TableViewMain.xib */ = {isa = PBXFileReference; lastKnownFileType = file.xib; path = TableViewMain.xib; sourceTree = "<group>"; };
		959912C5265225E90004C5CC /* TableViewCellReview.swift */ = {isa = PBXFileReference; lastKnownFileType = sourcecode.swift; path = TableViewCellReview.swift; sourceTree = "<group>"; };
		959912C6265225E90004C5CC /* TableViewCellReview.xib */ = {isa = PBXFileReference; lastKnownFileType = file.xib; path = TableViewCellReview.xib; sourceTree = "<group>"; };
		95A6B8C9265A29890057CEC9 /* RestaurantsReviewPresenter.swift */ = {isa = PBXFileReference; lastKnownFileType = sourcecode.swift; path = RestaurantsReviewPresenter.swift; sourceTree = "<group>"; };
		95A6B8DD265A32F20057CEC9 /*  RestaurantsReviewViewController.swift */ = {isa = PBXFileReference; fileEncoding = 4; lastKnownFileType = sourcecode.swift; path = " RestaurantsReviewViewController.swift"; sourceTree = "<group>"; };
		95AB487127AA76E40022293B /* WebViewController.swift */ = {isa = PBXFileReference; lastKnownFileType = sourcecode.swift; path = WebViewController.swift; sourceTree = "<group>"; };
		95AB487327AA76FD0022293B /* WebPresenter.swift */ = {isa = PBXFileReference; lastKnownFileType = sourcecode.swift; path = WebPresenter.swift; sourceTree = "<group>"; };
		95AE8A8027BB6F2F00B67501 /* OpenMapDirections.swift */ = {isa = PBXFileReference; lastKnownFileType = sourcecode.swift; path = OpenMapDirections.swift; sourceTree = "<group>"; };
		95B1A86A27AA57A50019BD07 /* GradientButton.swift */ = {isa = PBXFileReference; lastKnownFileType = sourcecode.swift; path = GradientButton.swift; sourceTree = "<group>"; };
		95B1A86C27AA58350019BD07 /* UIButton.swift */ = {isa = PBXFileReference; lastKnownFileType = sourcecode.swift; path = UIButton.swift; sourceTree = "<group>"; };
		95B1A86E27AA58890019BD07 /* UIImage.swift */ = {isa = PBXFileReference; lastKnownFileType = sourcecode.swift; path = UIImage.swift; sourceTree = "<group>"; };
		95B1A87027AA592D0019BD07 /* UIView.swift */ = {isa = PBXFileReference; lastKnownFileType = sourcecode.swift; path = UIView.swift; sourceTree = "<group>"; };
		95B1A87227AA5AA90019BD07 /* UIView+Tap.swift */ = {isa = PBXFileReference; lastKnownFileType = sourcecode.swift; path = "UIView+Tap.swift"; sourceTree = "<group>"; };
		95B1A87427AA5AD80019BD07 /* CGAffineTransform.swift */ = {isa = PBXFileReference; lastKnownFileType = sourcecode.swift; path = CGAffineTransform.swift; sourceTree = "<group>"; };
		95B1A87627AA5B2D0019BD07 /* UIView+IBInspectable.swift */ = {isa = PBXFileReference; lastKnownFileType = sourcecode.swift; path = "UIView+IBInspectable.swift"; sourceTree = "<group>"; };
		95B1A87827AA66620019BD07 /* Color.xcassets */ = {isa = PBXFileReference; lastKnownFileType = folder.assetcatalog; path = Color.xcassets; sourceTree = "<group>"; };
		95BB7F4E27C3450800129908 /* RestaurantsReview.strings */ = {isa = PBXFileReference; lastKnownFileType = text.plist.strings; path = RestaurantsReview.strings; sourceTree = "<group>"; };
		95CCF7A126414623004E6309 /* Reachability.swift */ = {isa = PBXFileReference; lastKnownFileType = sourcecode.swift; path = Reachability.swift; sourceTree = "<group>"; };
		95DEA56227E0DD8100CDDA47 /* PromoTableViewCell.swift */ = {isa = PBXFileReference; lastKnownFileType = sourcecode.swift; path = PromoTableViewCell.swift; sourceTree = "<group>"; };
		E4EB4A0C22E5DBF100019C8C /* RestaurantClub.app */ = {isa = PBXFileReference; explicitFileType = wrapper.application; includeInIndex = 0; path = RestaurantClub.app; sourceTree = BUILT_PRODUCTS_DIR; };
		E4EB4A0F22E5DBF100019C8C /* AppDelegate.swift */ = {isa = PBXFileReference; lastKnownFileType = sourcecode.swift; path = AppDelegate.swift; sourceTree = "<group>"; };
		E4EB4A1422E5DBF100019C8C /* Base */ = {isa = PBXFileReference; lastKnownFileType = file.storyboard; name = Base; path = Base.lproj/Main.storyboard; sourceTree = "<group>"; };
		E4EB4A1622E5DC0500019C8C /* Assets.xcassets */ = {isa = PBXFileReference; lastKnownFileType = folder.assetcatalog; path = Assets.xcassets; sourceTree = "<group>"; };
		E4EB4A1922E5DC0500019C8C /* Base */ = {isa = PBXFileReference; lastKnownFileType = file.storyboard; name = Base; path = Base.lproj/LaunchScreen.storyboard; sourceTree = "<group>"; };
		E4EB4A1B22E5DC0500019C8C /* Info.plist */ = {isa = PBXFileReference; lastKnownFileType = text.plist.xml; path = Info.plist; sourceTree = "<group>"; };
/* End PBXFileReference section */

/* Begin PBXFrameworksBuildPhase section */
		E4EB4A0922E5DBF100019C8C /* Frameworks */ = {
			isa = PBXFrameworksBuildPhase;
			buildActionMask = 2147483647;
			files = (
				B06923D04B6939A2202ECE97 /* Pods_RestaurantClub.framework in Frameworks */,
			);
			runOnlyForDeploymentPostprocessing = 0;
		};
/* End PBXFrameworksBuildPhase section */

/* Begin PBXGroup section */
		392A7C52873676E8BE465A34 /* Pods */ = {
			isa = PBXGroup;
			children = (
				4549439F51F2A852C5449B74 /* Pods-RestaurantClub.debug.xcconfig */,
				5F49893D5A25A24E94F1CE1C /* Pods-RestaurantClub.release.xcconfig */,
			);
			path = Pods;
			sourceTree = "<group>";
		};
		877291F826596A59008D5B1C /* Fonts */ = {
			isa = PBXGroup;
			children = (
				8772920226596A77008D5B1C /* Roboto-Black.ttf */,
				8772920026596A77008D5B1C /* Roboto-BlackItalic.ttf */,
				877291FC26596A76008D5B1C /* Roboto-Bold.ttf */,
				877291FE26596A77008D5B1C /* Roboto-BoldItalic.ttf */,
				877291FB26596A76008D5B1C /* Roboto-Italic.ttf */,
				8772920326596A77008D5B1C /* Roboto-Light.ttf */,
				8772920426596A77008D5B1C /* Roboto-LightItalic.ttf */,
				877291FF26596A77008D5B1C /* Roboto-Medium.ttf */,
				877291FD26596A77008D5B1C /* Roboto-MediumItalic.ttf */,
				877291FA26596A76008D5B1C /* Roboto-Regular.ttf */,
				8772920126596A77008D5B1C /* Roboto-Thin.ttf */,
				877291F926596A76008D5B1C /* Roboto-ThinItalic.ttf */,
			);
			path = Fonts;
			sourceTree = "<group>";
		};
		87BAB47F2647F90A001281E0 /* Common */ = {
			isa = PBXGroup;
			children = (
				950E10D427DF0CF800042A24 /* UIDevice */,
				95954A4627BE6E42008B6B41 /* UIWindow */,
				951962E027BCB21C005D993A /* MapHelpers */,
				95AB486C27AA6F930022293B /* UIKit */,
				95AB486B27AA6F770022293B /* CGAffineTransform */,
				95AB486727AA6F190022293B /* Ethernet */,
				8772923D26596B2C008D5B1C /* BaseURL.swift */,
			);
			path = Common;
			sourceTree = "<group>";
		};
		87BAB4802647F918001281E0 /* Resources */ = {
			isa = PBXGroup;
			children = (
				95BB7F4627C3391600129908 /* Strings */,
				877291F826596A59008D5B1C /* Fonts */,
				E4EB4A1622E5DC0500019C8C /* Assets.xcassets */,
				95B1A87827AA66620019BD07 /* Color.xcassets */,
			);
			path = Resources;
			sourceTree = "<group>";
		};
		87CE3B522647EE7D00079385 /* Restaurants */ = {
			isa = PBXGroup;
			children = (
				87CE3B552647EF0300079385 /* Presenter */,
				87CE3B562647EF1B00079385 /* Model */,
				87CE3B542647EEE400079385 /* View */,
			);
			path = Restaurants;
			sourceTree = "<group>";
		};
		87CE3B542647EEE400079385 /* View */ = {
			isa = PBXGroup;
			children = (
				87CE3B642647F02100079385 /* Cells */,
				87CE3B5D2647EF9600079385 /* RestaurantsViewController.swift */,
			);
			path = View;
			sourceTree = "<group>";
		};
		87CE3B552647EF0300079385 /* Presenter */ = {
			isa = PBXGroup;
			children = (
				87CE3B572647EF4F00079385 /* RestaurantsPresenter.swift */,
			);
			path = Presenter;
			sourceTree = "<group>";
		};
		87CE3B562647EF1B00079385 /* Model */ = {
			isa = PBXGroup;
			children = (
				9550129D2640F58100E17F1C /* Restorans.swift */,
				9589756927A916CD00CF444B /* FakeRestaurants.swift */,
				9565BB5927E2393D00190F35 /* FakePromo.swift */,
			);
			path = Model;
			sourceTree = "<group>";
		};
		87CE3B602647EFC000079385 /* RestaurantsDetails */ = {
			isa = PBXGroup;
			children = (
				958E54ED26576BD9003BA670 /* Model */,
				87CE3B612647EFE600079385 /* Presenter */,
				87CE3B632647EFF300079385 /* View */,
			);
			path = RestaurantsDetails;
			sourceTree = "<group>";
		};
		87CE3B612647EFE600079385 /* Presenter */ = {
			isa = PBXGroup;
			children = (
				95268EC6264BE3830092739E /* RestaurantsDetailsPresenter.swift */,
			);
			path = Presenter;
			sourceTree = "<group>";
		};
		87CE3B632647EFF300079385 /* View */ = {
			isa = PBXGroup;
			children = (
				959912B42651455A0004C5CC /* Cells */,
				955A7A7B262B12D1000079BA /*  RestaurantsDetailViewController.swift */,
			);
			path = View;
			sourceTree = "<group>";
		};
		87CE3B642647F02100079385 /* Cells */ = {
			isa = PBXGroup;
			children = (
				9574EB6227E1082F0070D52E /* CatalogCollectionViewCell */,
				9574EB6127E107E10070D52E /* PromoTableViewCell */,
			);
			path = Cells;
			sourceTree = "<group>";
		};
		8878114F63A674FD9CC597AC /* Frameworks */ = {
			isa = PBXGroup;
			children = (
				7A8BCE0AAD7E931F7BE90FA1 /* Pods_RestaurantClub.framework */,
			);
			name = Frameworks;
			sourceTree = "<group>";
		};
		950E10C627DB255200042A24 /* Orders */ = {
			isa = PBXGroup;
			children = (
				950E10C927DB258400042A24 /* Presenter */,
				950E10C827DB257F00042A24 /* View */,
				950E10C727DB257B00042A24 /* Model */,
			);
			path = Orders;
			sourceTree = "<group>";
		};
		950E10C727DB257B00042A24 /* Model */ = {
			isa = PBXGroup;
			children = (
				950E10CB27DB25B300042A24 /* FakeOrders.swift */,
			);
			path = Model;
			sourceTree = "<group>";
		};
		950E10C827DB257F00042A24 /* View */ = {
			isa = PBXGroup;
			children = (
				950E10CF27DB27A800042A24 /* Cell */,
				950E10C427DB1C9700042A24 /* OrdersViewController.swift */,
			);
			path = View;
			sourceTree = "<group>";
		};
		950E10C927DB258400042A24 /* Presenter */ = {
			isa = PBXGroup;
			children = (
				950E10CD27DB26E000042A24 /* OrdersPresenter.swift */,
			);
			path = Presenter;
			sourceTree = "<group>";
		};
		950E10CF27DB27A800042A24 /* Cell */ = {
			isa = PBXGroup;
			children = (
				950E10D027DB27B900042A24 /* OrderCell.swift */,
				950E10D227DB27DF00042A24 /* OrderCell.xib */,
			);
			path = Cell;
			sourceTree = "<group>";
		};
		950E10D427DF0CF800042A24 /* UIDevice */ = {
			isa = PBXGroup;
			children = (
				950E10D527DF0D0C00042A24 /* UIDevice.swift */,
			);
			path = UIDevice;
			sourceTree = "<group>";
		};
		951962E027BCB21C005D993A /* MapHelpers */ = {
			isa = PBXGroup;
			children = (
				95AE8A8027BB6F2F00B67501 /* OpenMapDirections.swift */,
			);
			path = MapHelpers;
			sourceTree = "<group>";
		};
		9528402B27D0B56300408E2C /* Colors */ = {
			isa = PBXGroup;
			children = (
				9528402C27D0B57900408E2C /* Colors.strings */,
			);
			path = Colors;
			sourceTree = "<group>";
		};
		9528403227D0B68800408E2C /* Alerts */ = {
			isa = PBXGroup;
			children = (
				9528402927D0B37500408E2C /* Alerts.strings */,
			);
			path = Alerts;
			sourceTree = "<group>";
		};
		9528404E27D350A000408E2C /* Entry */ = {
			isa = PBXGroup;
			children = (
				9528405327D3510C00408E2C /* Model */,
				9528405227D3510700408E2C /* View */,
				9528405127D3510000408E2C /* Presenter */,
			);
			path = Entry;
			sourceTree = "<group>";
		};
		9528405127D3510000408E2C /* Presenter */ = {
			isa = PBXGroup;
			children = (
				9528405427D3512700408E2C /* EntryPresenter.swift */,
			);
			path = Presenter;
			sourceTree = "<group>";
		};
		9528405227D3510700408E2C /* View */ = {
			isa = PBXGroup;
			children = (
				9528405627D36D6B00408E2C /* Cell */,
				9528404F27D350F300408E2C /* EntryViewController.swift */,
			);
			path = View;
			sourceTree = "<group>";
		};
		9528405327D3510C00408E2C /* Model */ = {
			isa = PBXGroup;
			children = (
				9528405D27D8AD4E00408E2C /* FakeService.swift */,
			);
			path = Model;
			sourceTree = "<group>";
		};
		9528405627D36D6B00408E2C /* Cell */ = {
			isa = PBXGroup;
			children = (
				9528405727D36D9000408E2C /* TableViewCellServices.xib */,
				9528405927D36DBD00408E2C /* TableViewCellServices.swift */,
			);
			path = Cell;
			sourceTree = "<group>";
		};
		9561AED827B1311800695DCE /* TowTruck */ = {
			isa = PBXGroup;
			children = (
				9561AEDF27B1319E00695DCE /* Presenter */,
				9561AEDE27B1319A00695DCE /* View */,
				9561AEDD27B1319600695DCE /* Model */,
			);
			path = TowTruck;
			sourceTree = "<group>";
		};
		9561AEDD27B1319600695DCE /* Model */ = {
			isa = PBXGroup;
			children = (
			);
			path = Model;
			sourceTree = "<group>";
		};
		9561AEDE27B1319A00695DCE /* View */ = {
			isa = PBXGroup;
			children = (
				9561AED927B1318500695DCE /* TowTruckViewController.swift */,
			);
			path = View;
			sourceTree = "<group>";
		};
		9561AEDF27B1319E00695DCE /* Presenter */ = {
			isa = PBXGroup;
			children = (
				9561AEDB27B1319000695DCE /* TowTruckPresenter.swift */,
			);
			path = Presenter;
			sourceTree = "<group>";
		};
		9574EB6127E107E10070D52E /* PromoTableViewCell */ = {
			isa = PBXGroup;
			children = (
				9574EB6527E1090A0070D52E /* PromoCollectionViewCell */,
				95DEA56227E0DD8100CDDA47 /* PromoTableViewCell.swift */,
				9574EB6327E1085D0070D52E /* PromoTableViewCell.xib */,
			);
			path = PromoTableViewCell;
			sourceTree = "<group>";
		};
		9574EB6227E1082F0070D52E /* CatalogCollectionViewCell */ = {
			isa = PBXGroup;
			children = (
				87DD0C85262C882400342664 /* StoCollectionViewCell.swift */,
			);
			path = CatalogCollectionViewCell;
			sourceTree = "<group>";
		};
		9574EB6527E1090A0070D52E /* PromoCollectionViewCell */ = {
			isa = PBXGroup;
			children = (
				9574EB6627E109240070D52E /* PromoCollectionViewCell.swift */,
				9574EB6827E1092B0070D52E /* PromoCollectionViewCell.xib */,
			);
			path = PromoCollectionViewCell;
			sourceTree = "<group>";
		};
		958E54ED26576BD9003BA670 /* Model */ = {
			isa = PBXGroup;
			children = (
			);
			path = Model;
			sourceTree = "<group>";
		};
		95954A4627BE6E42008B6B41 /* UIWindow */ = {
			isa = PBXGroup;
			children = (
				95954A4727BE6E53008B6B41 /* UIWindow.swift */,
			);
			path = UIWindow;
			sourceTree = "<group>";
		};
		959912B42651455A0004C5CC /* Cells */ = {
			isa = PBXGroup;
			children = (
				95A6B8BE265978160057CEC9 /* TableViewCell */,
				95A6B8BD2659780A0057CEC9 /* CollectionViewCell */,
			);
			path = Cells;
			sourceTree = "<group>";
		};
		95A6B8BD2659780A0057CEC9 /* CollectionViewCell */ = {
			isa = PBXGroup;
			children = (
				958E54D62657626C003BA670 /* CollectionViewCell.swift */,
				958E54D72657626C003BA670 /* CollectionViewCell.xib */,
			);
			path = CollectionViewCell;
			sourceTree = "<group>";
		};
		95A6B8BE265978160057CEC9 /* TableViewCell */ = {
			isa = PBXGroup;
			children = (
				959912B9265158570004C5CC /* TableViewCellHeaderTableViewCell.swift */,
				959912BA265158570004C5CC /* TableViewCellHeaderTableViewCell.xib */,
				959912C02652236E0004C5CC /* TableViewMain.swift */,
				959912C12652236E0004C5CC /* TableViewMain.xib */,
				959912C5265225E90004C5CC /* TableViewCellReview.swift */,
				959912C6265225E90004C5CC /* TableViewCellReview.xib */,
			);
			path = TableViewCell;
			sourceTree = "<group>";
		};
		95A6B8C12659904A0057CEC9 /* RestaurantsReview */ = {
			isa = PBXGroup;
			children = (
				95A6B8E1265A54B90057CEC9 /* Model */,
				95A6B8DB265A32680057CEC9 /* View */,
				95A6B8C8265A290E0057CEC9 /* Presenter  */,
			);
			path = RestaurantsReview;
			sourceTree = "<group>";
		};
		95A6B8C8265A290E0057CEC9 /* Presenter  */ = {
			isa = PBXGroup;
			children = (
				95A6B8C9265A29890057CEC9 /* RestaurantsReviewPresenter.swift */,
			);
			path = "Presenter ";
			sourceTree = "<group>";
		};
		95A6B8DB265A32680057CEC9 /* View */ = {
			isa = PBXGroup;
			children = (
				95A6B8DD265A32F20057CEC9 /*  RestaurantsReviewViewController.swift */,
			);
			path = View;
			sourceTree = "<group>";
		};
		95A6B8E1265A54B90057CEC9 /* Model */ = {
			isa = PBXGroup;
			children = (
				958E54F226576C07003BA670 /* ReviewModel.swift */,
				9589756B27A9192A00CF444B /* FakeReviewModel.swift */,
			);
			path = Model;
			sourceTree = "<group>";
		};
		95AB486627AA6F010022293B /* UIView */ = {
			isa = PBXGroup;
			children = (
				95B1A87027AA592D0019BD07 /* UIView.swift */,
				95B1A87227AA5AA90019BD07 /* UIView+Tap.swift */,
				95B1A87627AA5B2D0019BD07 /* UIView+IBInspectable.swift */,
			);
			path = UIView;
			sourceTree = "<group>";
		};
		95AB486727AA6F190022293B /* Ethernet */ = {
			isa = PBXGroup;
			children = (
				95CCF7A126414623004E6309 /* Reachability.swift */,
			);
			path = Ethernet;
			sourceTree = "<group>";
		};
		95AB486927AA6F4D0022293B /* UIButton */ = {
			isa = PBXGroup;
			children = (
				95B1A86C27AA58350019BD07 /* UIButton.swift */,
			);
			path = UIButton;
			sourceTree = "<group>";
		};
		95AB486A27AA6F610022293B /* UIImage */ = {
			isa = PBXGroup;
			children = (
				95B1A86E27AA58890019BD07 /* UIImage.swift */,
			);
			path = UIImage;
			sourceTree = "<group>";
		};
		95AB486B27AA6F770022293B /* CGAffineTransform */ = {
			isa = PBXGroup;
			children = (
				95B1A87427AA5AD80019BD07 /* CGAffineTransform.swift */,
			);
			path = CGAffineTransform;
			sourceTree = "<group>";
		};
		95AB486C27AA6F930022293B /* UIKit */ = {
			isa = PBXGroup;
			children = (
				95AB486A27AA6F610022293B /* UIImage */,
				95AB486927AA6F4D0022293B /* UIButton */,
				95AB486627AA6F010022293B /* UIView */,
			);
			path = UIKit;
			sourceTree = "<group>";
		};
		95AB486D27AA76980022293B /* RestaurantMenu */ = {
			isa = PBXGroup;
			children = (
				95AB486F27AA76BB0022293B /* Model */,
				95AB487027AA76C10022293B /* View */,
				95AB486E27AA76B50022293B /* Presenter */,
			);
			path = RestaurantMenu;
			sourceTree = "<group>";
		};
		95AB486E27AA76B50022293B /* Presenter */ = {
			isa = PBXGroup;
			children = (
				95AB487327AA76FD0022293B /* WebPresenter.swift */,
			);
			path = Presenter;
			sourceTree = "<group>";
		};
		95AB486F27AA76BB0022293B /* Model */ = {
			isa = PBXGroup;
			children = (
			);
			path = Model;
			sourceTree = "<group>";
		};
		95AB487027AA76C10022293B /* View */ = {
			isa = PBXGroup;
			children = (
				95AB487127AA76E40022293B /* WebViewController.swift */,
			);
			path = View;
			sourceTree = "<group>";
		};
		95B1A86927AA57900019BD07 /* CustomUI */ = {
			isa = PBXGroup;
			children = (
				95B1A86A27AA57A50019BD07 /* GradientButton.swift */,
			);
			path = CustomUI;
			sourceTree = "<group>";
		};
		95BB7F4627C3391600129908 /* Strings */ = {
			isa = PBXGroup;
			children = (
				9528403227D0B68800408E2C /* Alerts */,
				9528402B27D0B56300408E2C /* Colors */,
				95BB7F4D27C344F000129908 /* Screens */,
			);
			path = Strings;
			sourceTree = "<group>";
		};
		95BB7F4D27C344F000129908 /* Screens */ = {
			isa = PBXGroup;
			children = (
				9528404427D0BE7E00408E2C /* Restaurants.strings */,
				95BB7F4E27C3450800129908 /* RestaurantsReview.strings */,
				9528403727D0B91200408E2C /* TowTruck.strings */,
				9528405F27D9B1A300408E2C /* Entry.strings */,
			);
			path = Screens;
			sourceTree = "<group>";
		};
		E4EB4A0322E5DBF100019C8C = {
			isa = PBXGroup;
			children = (
				E4EB4A0E22E5DBF100019C8C /* RestaurantClub */,
				E4EB4A0D22E5DBF100019C8C /* Products */,
				392A7C52873676E8BE465A34 /* Pods */,
				8878114F63A674FD9CC597AC /* Frameworks */,
			);
			sourceTree = "<group>";
		};
		E4EB4A0D22E5DBF100019C8C /* Products */ = {
			isa = PBXGroup;
			children = (
				E4EB4A0C22E5DBF100019C8C /* RestaurantClub.app */,
			);
			name = Products;
			sourceTree = "<group>";
		};
		E4EB4A0E22E5DBF100019C8C /* RestaurantClub */ = {
			isa = PBXGroup;
			children = (
				95B1A86927AA57900019BD07 /* CustomUI */,
				87CE3B522647EE7D00079385 /* Restaurants */,
				87CE3B602647EFC000079385 /* RestaurantsDetails */,
				95A6B8C12659904A0057CEC9 /* RestaurantsReview */,
				95AB486D27AA76980022293B /* RestaurantMenu */,
				9561AED827B1311800695DCE /* TowTruck */,
				9528404E27D350A000408E2C /* Entry */,
				950E10C627DB255200042A24 /* Orders */,
				87BAB4802647F918001281E0 /* Resources */,
				87BAB47F2647F90A001281E0 /* Common */,
				E4EB4A0F22E5DBF100019C8C /* AppDelegate.swift */,
				954E521127E2F72100D05371 /* R.generated.swift */,
				E4EB4A1322E5DBF100019C8C /* Main.storyboard */,
				E4EB4A1822E5DC0500019C8C /* LaunchScreen.storyboard */,
				E4EB4A1B22E5DC0500019C8C /* Info.plist */,
			);
			path = RestaurantClub;
			sourceTree = "<group>";
		};
/* End PBXGroup section */

/* Begin PBXNativeTarget section */
		E4EB4A0B22E5DBF100019C8C /* RestaurantClub */ = {
			isa = PBXNativeTarget;
			buildConfigurationList = E4EB4A1E22E5DC0500019C8C /* Build configuration list for PBXNativeTarget "RestaurantClub" */;
			buildPhases = (
				12A27AF436152372665D3D09 /* [CP] Check Pods Manifest.lock */,
				95BB7F4527C338A100129908 /* R.String */,
				E4EB4A0822E5DBF100019C8C /* Sources */,
				E4EB4A0922E5DBF100019C8C /* Frameworks */,
				E4EB4A0A22E5DBF100019C8C /* Resources */,
				0C4BA551EBED0B7C9AE1E057 /* [CP] Embed Pods Frameworks */,
			);
			buildRules = (
			);
			dependencies = (
			);
			name = RestaurantClub;
			productName = CollectionViewSearcher;
			productReference = E4EB4A0C22E5DBF100019C8C /* RestaurantClub.app */;
			productType = "com.apple.product-type.application";
		};
/* End PBXNativeTarget section */

/* Begin PBXProject section */
		E4EB4A0422E5DBF100019C8C /* Project object */ = {
			isa = PBXProject;
			attributes = {
				LastSwiftUpdateCheck = 1020;
				LastUpgradeCheck = 1020;
				ORGANIZATIONNAME = "";
				TargetAttributes = {
					E4EB4A0B22E5DBF100019C8C = {
						CreatedOnToolsVersion = 10.2.1;
					};
				};
			};
			buildConfigurationList = E4EB4A0722E5DBF100019C8C /* Build configuration list for PBXProject "RestaurantClub" */;
			compatibilityVersion = "Xcode 9.3";
			developmentRegion = en;
			hasScannedForEncodings = 0;
			knownRegions = (
				en,
				Base,
			);
			mainGroup = E4EB4A0322E5DBF100019C8C;
			productRefGroup = E4EB4A0D22E5DBF100019C8C /* Products */;
			projectDirPath = "";
			projectRoot = "";
			targets = (
				E4EB4A0B22E5DBF100019C8C /* RestaurantClub */,
			);
		};
/* End PBXProject section */

/* Begin PBXResourcesBuildPhase section */
		E4EB4A0A22E5DBF100019C8C /* Resources */ = {
			isa = PBXResourcesBuildPhase;
			buildActionMask = 2147483647;
			files = (
				8772923926596AF0008D5B1C /* Roboto-MediumItalic.ttf in Resources */,
				8772923826596AF0008D5B1C /* Roboto-Thin.ttf in Resources */,
				9574EB6927E1092B0070D52E /* PromoCollectionViewCell.xib in Resources */,
				9574EB6427E1085D0070D52E /* PromoTableViewCell.xib in Resources */,
				9528402A27D0B37500408E2C /* Alerts.strings in Resources */,
				9528403827D0B91200408E2C /* TowTruck.strings in Resources */,
				958E54D92657626C003BA670 /* CollectionViewCell.xib in Resources */,
				8772923326596AF0008D5B1C /* Roboto-BoldItalic.ttf in Resources */,
				8772923426596AF0008D5B1C /* Roboto-Light.ttf in Resources */,
				959912BC265158570004C5CC /* TableViewCellHeaderTableViewCell.xib in Resources */,
				9528402D27D0B57900408E2C /* Colors.strings in Resources */,
				8772923A26596AF0008D5B1C /* Roboto-ThinItalic.ttf in Resources */,
				959912C32652236E0004C5CC /* TableViewMain.xib in Resources */,
				8772923B26596AF0008D5B1C /* Roboto-BlackItalic.ttf in Resources */,
				8772923726596AF0008D5B1C /* Roboto-Medium.ttf in Resources */,
				E4EB4A1A22E5DC0500019C8C /* LaunchScreen.storyboard in Resources */,
				950E10D327DB27DF00042A24 /* OrderCell.xib in Resources */,
				959912C8265225E90004C5CC /* TableViewCellReview.xib in Resources */,
				9528405827D36D9000408E2C /* TableViewCellServices.xib in Resources */,
				8772923126596AF0008D5B1C /* Roboto-LightItalic.ttf in Resources */,
				E4EB4A1722E5DC0500019C8C /* Assets.xcassets in Resources */,
				8772923226596AF0008D5B1C /* Roboto-Black.ttf in Resources */,
				8772923526596AF0008D5B1C /* Roboto-Regular.ttf in Resources */,
				9528406027D9B1A300408E2C /* Entry.strings in Resources */,
				8772923626596AF0008D5B1C /* Roboto-Italic.ttf in Resources */,
				95B1A87927AA66620019BD07 /* Color.xcassets in Resources */,
				8772923026596AF0008D5B1C /* Roboto-Bold.ttf in Resources */,
				9528404527D0BE7E00408E2C /* Restaurants.strings in Resources */,
				E4EB4A1522E5DBF100019C8C /* Main.storyboard in Resources */,
				95BB7F4F27C3450800129908 /* RestaurantsReview.strings in Resources */,
			);
			runOnlyForDeploymentPostprocessing = 0;
		};
/* End PBXResourcesBuildPhase section */

/* Begin PBXShellScriptBuildPhase section */
		0C4BA551EBED0B7C9AE1E057 /* [CP] Embed Pods Frameworks */ = {
			isa = PBXShellScriptBuildPhase;
			buildActionMask = 2147483647;
			files = (
			);
			inputFileListPaths = (
				"${PODS_ROOT}/Target Support Files/Pods-RestaurantClub/Pods-RestaurantClub-frameworks-${CONFIGURATION}-input-files.xcfilelist",
			);
			name = "[CP] Embed Pods Frameworks";
			outputFileListPaths = (
				"${PODS_ROOT}/Target Support Files/Pods-RestaurantClub/Pods-RestaurantClub-frameworks-${CONFIGURATION}-output-files.xcfilelist",
			);
			runOnlyForDeploymentPostprocessing = 0;
			shellPath = /bin/sh;
			shellScript = "\"${PODS_ROOT}/Target Support Files/Pods-RestaurantClub/Pods-RestaurantClub-frameworks.sh\"\n";
			showEnvVarsInLog = 0;
		};
		12A27AF436152372665D3D09 /* [CP] Check Pods Manifest.lock */ = {
			isa = PBXShellScriptBuildPhase;
			buildActionMask = 2147483647;
			files = (
			);
			inputFileListPaths = (
			);
			inputPaths = (
				"${PODS_PODFILE_DIR_PATH}/Podfile.lock",
				"${PODS_ROOT}/Manifest.lock",
			);
			name = "[CP] Check Pods Manifest.lock";
			outputFileListPaths = (
			);
			outputPaths = (
				"$(DERIVED_FILE_DIR)/Pods-RestaurantClub-checkManifestLockResult.txt",
			);
			runOnlyForDeploymentPostprocessing = 0;
			shellPath = /bin/sh;
			shellScript = "diff \"${PODS_PODFILE_DIR_PATH}/Podfile.lock\" \"${PODS_ROOT}/Manifest.lock\" > /dev/null\nif [ $? != 0 ] ; then\n    # print error to STDERR\n    echo \"error: The sandbox is not in sync with the Podfile.lock. Run 'pod install' or update your CocoaPods installation.\" >&2\n    exit 1\nfi\n# This output is used by Xcode 'outputs' to avoid re-running this script phase.\necho \"SUCCESS\" > \"${SCRIPT_OUTPUT_FILE_0}\"\n";
			showEnvVarsInLog = 0;
		};
		95BB7F4527C338A100129908 /* R.String */ = {
			isa = PBXShellScriptBuildPhase;
			buildActionMask = 2147483647;
			files = (
			);
			inputFileListPaths = (
			);
			inputPaths = (
			);
			name = R.String;
			outputFileListPaths = (
			);
			outputPaths = (
				$SRCROOT/R.generated.swift,
			);
			runOnlyForDeploymentPostprocessing = 0;
			shellPath = /bin/sh;
			shellScript = "\"$PODS_ROOT/R.swift/rswift\" generate \"$SRCROOT/R.generated.swift\"\n";
		};
/* End PBXShellScriptBuildPhase section */

/* Begin PBXSourcesBuildPhase section */
		E4EB4A0822E5DBF100019C8C /* Sources */ = {
			isa = PBXSourcesBuildPhase;
			buildActionMask = 2147483647;
			files = (
				959912BB265158570004C5CC /* TableViewCellHeaderTableViewCell.swift in Sources */,
				95A6B8DE265A32F20057CEC9 /*  RestaurantsReviewViewController.swift in Sources */,
				9528405E27D8AD4E00408E2C /* FakeService.swift in Sources */,
				9565BB5A27E2393D00190F35 /* FakePromo.swift in Sources */,
				950E10D627DF0D0C00042A24 /* UIDevice.swift in Sources */,
				87CE3B582647EF4F00079385 /* RestaurantsPresenter.swift in Sources */,
				9528405A27D36DBD00408E2C /* TableViewCellServices.swift in Sources */,
				95AB487427AA76FD0022293B /* WebPresenter.swift in Sources */,
				E4EB4A1022E5DBF100019C8C /* AppDelegate.swift in Sources */,
				950E10C527DB1C9700042A24 /* OrdersViewController.swift in Sources */,
				95CCF7A226414623004E6309 /* Reachability.swift in Sources */,
				95A6B8CA265A29890057CEC9 /* RestaurantsReviewPresenter.swift in Sources */,
				95B1A87327AA5AA90019BD07 /* UIView+Tap.swift in Sources */,
				87DD0C86262C882400342664 /* StoCollectionViewCell.swift in Sources */,
				95B1A86B27AA57A50019BD07 /* GradientButton.swift in Sources */,
				95B1A87527AA5AD80019BD07 /* CGAffineTransform.swift in Sources */,
				9550129E2640F58100E17F1C /* Restorans.swift in Sources */,
				95AB487227AA76E40022293B /* WebViewController.swift in Sources */,
				9561AEDC27B1319000695DCE /* TowTruckPresenter.swift in Sources */,
				959912C22652236E0004C5CC /* TableViewMain.swift in Sources */,
				95954A4827BE6E53008B6B41 /* UIWindow.swift in Sources */,
				9574EB6727E109240070D52E /* PromoCollectionViewCell.swift in Sources */,
				9528405527D3512700408E2C /* EntryPresenter.swift in Sources */,
				9589756C27A9192A00CF444B /* FakeReviewModel.swift in Sources */,
				95268EC7264BE3830092739E /* RestaurantsDetailsPresenter.swift in Sources */,
				95B1A87727AA5B2D0019BD07 /* UIView+IBInspectable.swift in Sources */,
				9561AEDA27B1318500695DCE /* TowTruckViewController.swift in Sources */,
				950E10D127DB27B900042A24 /* OrderCell.swift in Sources */,
				950E10CC27DB25B300042A24 /* FakeOrders.swift in Sources */,
				958E54D82657626C003BA670 /* CollectionViewCell.swift in Sources */,
				95AE8A8127BB6F2F00B67501 /* OpenMapDirections.swift in Sources */,
				954E521227E2F72100D05371 /* R.generated.swift in Sources */,
				950E10CE27DB26E000042A24 /* OrdersPresenter.swift in Sources */,
				95DEA56327E0DD8100CDDA47 /* PromoTableViewCell.swift in Sources */,
				87CE3B5E2647EF9600079385 /* RestaurantsViewController.swift in Sources */,
				95B1A87127AA592D0019BD07 /* UIView.swift in Sources */,
				955A7A7C262B12D1000079BA /*  RestaurantsDetailViewController.swift in Sources */,
				8772923E26596B2C008D5B1C /* BaseURL.swift in Sources */,
				959912C7265225E90004C5CC /* TableViewCellReview.swift in Sources */,
				95B1A86F27AA58890019BD07 /* UIImage.swift in Sources */,
				9528405027D350F300408E2C /* EntryViewController.swift in Sources */,
				95B1A86D27AA58350019BD07 /* UIButton.swift in Sources */,
				958E54F326576C07003BA670 /* ReviewModel.swift in Sources */,
				9589756A27A916CD00CF444B /* FakeRestaurants.swift in Sources */,
			);
			runOnlyForDeploymentPostprocessing = 0;
		};
/* End PBXSourcesBuildPhase section */

/* Begin PBXVariantGroup section */
		E4EB4A1322E5DBF100019C8C /* Main.storyboard */ = {
			isa = PBXVariantGroup;
			children = (
				E4EB4A1422E5DBF100019C8C /* Base */,
			);
			name = Main.storyboard;
			sourceTree = "<group>";
		};
		E4EB4A1822E5DC0500019C8C /* LaunchScreen.storyboard */ = {
			isa = PBXVariantGroup;
			children = (
				E4EB4A1922E5DC0500019C8C /* Base */,
			);
			name = LaunchScreen.storyboard;
			sourceTree = "<group>";
		};
/* End PBXVariantGroup section */

/* Begin XCBuildConfiguration section */
		E4EB4A1C22E5DC0500019C8C /* Debug */ = {
			isa = XCBuildConfiguration;
			buildSettings = {
				ALWAYS_SEARCH_USER_PATHS = NO;
				CLANG_ANALYZER_NONNULL = YES;
				CLANG_ANALYZER_NUMBER_OBJECT_CONVERSION = YES_AGGRESSIVE;
				CLANG_CXX_LANGUAGE_STANDARD = "gnu++14";
				CLANG_CXX_LIBRARY = "libc++";
				CLANG_ENABLE_MODULES = YES;
				CLANG_ENABLE_OBJC_ARC = YES;
				CLANG_ENABLE_OBJC_WEAK = YES;
				CLANG_WARN_BLOCK_CAPTURE_AUTORELEASING = YES;
				CLANG_WARN_BOOL_CONVERSION = YES;
				CLANG_WARN_COMMA = YES;
				CLANG_WARN_CONSTANT_CONVERSION = YES;
				CLANG_WARN_DEPRECATED_OBJC_IMPLEMENTATIONS = YES;
				CLANG_WARN_DIRECT_OBJC_ISA_USAGE = YES_ERROR;
				CLANG_WARN_DOCUMENTATION_COMMENTS = YES;
				CLANG_WARN_EMPTY_BODY = YES;
				CLANG_WARN_ENUM_CONVERSION = YES;
				CLANG_WARN_INFINITE_RECURSION = YES;
				CLANG_WARN_INT_CONVERSION = YES;
				CLANG_WARN_NON_LITERAL_NULL_CONVERSION = YES;
				CLANG_WARN_OBJC_IMPLICIT_RETAIN_SELF = YES;
				CLANG_WARN_OBJC_LITERAL_CONVERSION = YES;
				CLANG_WARN_OBJC_ROOT_CLASS = YES_ERROR;
				CLANG_WARN_RANGE_LOOP_ANALYSIS = YES;
				CLANG_WARN_STRICT_PROTOTYPES = YES;
				CLANG_WARN_SUSPICIOUS_MOVE = YES;
				CLANG_WARN_UNGUARDED_AVAILABILITY = YES_AGGRESSIVE;
				CLANG_WARN_UNREACHABLE_CODE = YES;
				CLANG_WARN__DUPLICATE_METHOD_MATCH = YES;
				CODE_SIGN_IDENTITY = "iPhone Developer";
				COPY_PHASE_STRIP = NO;
				DEBUG_INFORMATION_FORMAT = dwarf;
				"DSTROOT[sdk=*]" = "/tmp/$(PROJECT_NAME).dst";
				ENABLE_STRICT_OBJC_MSGSEND = YES;
				ENABLE_TESTABILITY = YES;
				GCC_C_LANGUAGE_STANDARD = gnu11;
				GCC_DYNAMIC_NO_PIC = NO;
				GCC_NO_COMMON_BLOCKS = YES;
				GCC_OPTIMIZATION_LEVEL = 0;
				GCC_PREPROCESSOR_DEFINITIONS = (
					"DEBUG=1",
					"$(inherited)",
				);
				GCC_WARN_64_TO_32_BIT_CONVERSION = YES;
				GCC_WARN_ABOUT_RETURN_TYPE = YES_ERROR;
				GCC_WARN_UNDECLARED_SELECTOR = YES;
				GCC_WARN_UNINITIALIZED_AUTOS = YES_AGGRESSIVE;
				GCC_WARN_UNUSED_FUNCTION = YES;
				GCC_WARN_UNUSED_VARIABLE = YES;
				IPHONEOS_DEPLOYMENT_TARGET = 13.0;
				MTL_ENABLE_DEBUG_INFO = INCLUDE_SOURCE;
				MTL_FAST_MATH = YES;
				ONLY_ACTIVE_ARCH = YES;
				SDKROOT = iphoneos;
				SWIFT_ACTIVE_COMPILATION_CONDITIONS = DEBUG;
				SWIFT_OPTIMIZATION_LEVEL = "-Onone";
			};
			name = Debug;
		};
		E4EB4A1D22E5DC0500019C8C /* Release */ = {
			isa = XCBuildConfiguration;
			buildSettings = {
				ALWAYS_SEARCH_USER_PATHS = NO;
				CLANG_ANALYZER_NONNULL = YES;
				CLANG_ANALYZER_NUMBER_OBJECT_CONVERSION = YES_AGGRESSIVE;
				CLANG_CXX_LANGUAGE_STANDARD = "gnu++14";
				CLANG_CXX_LIBRARY = "libc++";
				CLANG_ENABLE_MODULES = YES;
				CLANG_ENABLE_OBJC_ARC = YES;
				CLANG_ENABLE_OBJC_WEAK = YES;
				CLANG_WARN_BLOCK_CAPTURE_AUTORELEASING = YES;
				CLANG_WARN_BOOL_CONVERSION = YES;
				CLANG_WARN_COMMA = YES;
				CLANG_WARN_CONSTANT_CONVERSION = YES;
				CLANG_WARN_DEPRECATED_OBJC_IMPLEMENTATIONS = YES;
				CLANG_WARN_DIRECT_OBJC_ISA_USAGE = YES_ERROR;
				CLANG_WARN_DOCUMENTATION_COMMENTS = YES;
				CLANG_WARN_EMPTY_BODY = YES;
				CLANG_WARN_ENUM_CONVERSION = YES;
				CLANG_WARN_INFINITE_RECURSION = YES;
				CLANG_WARN_INT_CONVERSION = YES;
				CLANG_WARN_NON_LITERAL_NULL_CONVERSION = YES;
				CLANG_WARN_OBJC_IMPLICIT_RETAIN_SELF = YES;
				CLANG_WARN_OBJC_LITERAL_CONVERSION = YES;
				CLANG_WARN_OBJC_ROOT_CLASS = YES_ERROR;
				CLANG_WARN_RANGE_LOOP_ANALYSIS = YES;
				CLANG_WARN_STRICT_PROTOTYPES = YES;
				CLANG_WARN_SUSPICIOUS_MOVE = YES;
				CLANG_WARN_UNGUARDED_AVAILABILITY = YES_AGGRESSIVE;
				CLANG_WARN_UNREACHABLE_CODE = YES;
				CLANG_WARN__DUPLICATE_METHOD_MATCH = YES;
				CODE_SIGN_IDENTITY = "iPhone Developer";
				COPY_PHASE_STRIP = NO;
				DEBUG_INFORMATION_FORMAT = "dwarf-with-dsym";
				ENABLE_NS_ASSERTIONS = NO;
				ENABLE_STRICT_OBJC_MSGSEND = YES;
				GCC_C_LANGUAGE_STANDARD = gnu11;
				GCC_NO_COMMON_BLOCKS = YES;
				GCC_WARN_64_TO_32_BIT_CONVERSION = YES;
				GCC_WARN_ABOUT_RETURN_TYPE = YES_ERROR;
				GCC_WARN_UNDECLARED_SELECTOR = YES;
				GCC_WARN_UNINITIALIZED_AUTOS = YES_AGGRESSIVE;
				GCC_WARN_UNUSED_FUNCTION = YES;
				GCC_WARN_UNUSED_VARIABLE = YES;
				IPHONEOS_DEPLOYMENT_TARGET = 13.0;
				MTL_ENABLE_DEBUG_INFO = NO;
				MTL_FAST_MATH = YES;
				SDKROOT = iphoneos;
				SWIFT_COMPILATION_MODE = wholemodule;
				SWIFT_OPTIMIZATION_LEVEL = "-O";
				VALIDATE_PRODUCT = YES;
			};
			name = Release;
		};
		E4EB4A1F22E5DC0500019C8C /* Debug */ = {
			isa = XCBuildConfiguration;
			baseConfigurationReference = 4549439F51F2A852C5449B74 /* Pods-RestaurantClub.debug.xcconfig */;
			buildSettings = {
				ASSETCATALOG_COMPILER_APPICON_NAME = AppIcon;
				CODE_SIGN_STYLE = Automatic;
				DEVELOPMENT_TEAM = 3A6W24RUX7;
				INFOPLIST_FILE = RestaurantClub/info.plist;
				LD_RUNPATH_SEARCH_PATHS = (
					"$(inherited)",
					"@executable_path/Frameworks",
				);
				PRODUCT_BUNDLE_IDENTIFIER = com.RestaurantClub;
				PRODUCT_NAME = "$(TARGET_NAME)";
				SWIFT_VERSION = 5.0;
				TARGETED_DEVICE_FAMILY = "1,2";
			};
			name = Debug;
		};
		E4EB4A2022E5DC0500019C8C /* Release */ = {
			isa = XCBuildConfiguration;
			baseConfigurationReference = 5F49893D5A25A24E94F1CE1C /* Pods-RestaurantClub.release.xcconfig */;
			buildSettings = {
				ASSETCATALOG_COMPILER_APPICON_NAME = AppIcon;
				CODE_SIGN_STYLE = Automatic;
				DEVELOPMENT_TEAM = 3A6W24RUX7;
				INFOPLIST_FILE = RestaurantClub/info.plist;
				LD_RUNPATH_SEARCH_PATHS = (
					"$(inherited)",
					"@executable_path/Frameworks",
				);
				PRODUCT_BUNDLE_IDENTIFIER = com.RestaurantClub;
				PRODUCT_NAME = "$(TARGET_NAME)";
				SWIFT_VERSION = 5.0;
				TARGETED_DEVICE_FAMILY = "1,2";
			};
			name = Release;
		};
/* End XCBuildConfiguration section */

/* Begin XCConfigurationList section */
		E4EB4A0722E5DBF100019C8C /* Build configuration list for PBXProject "RestaurantClub" */ = {
			isa = XCConfigurationList;
			buildConfigurations = (
				E4EB4A1C22E5DC0500019C8C /* Debug */,
				E4EB4A1D22E5DC0500019C8C /* Release */,
			);
			defaultConfigurationIsVisible = 0;
			defaultConfigurationName = Release;
		};
		E4EB4A1E22E5DC0500019C8C /* Build configuration list for PBXNativeTarget "RestaurantClub" */ = {
			isa = XCConfigurationList;
			buildConfigurations = (
				E4EB4A1F22E5DC0500019C8C /* Debug */,
				E4EB4A2022E5DC0500019C8C /* Release */,
			);
			defaultConfigurationIsVisible = 0;
			defaultConfigurationName = Release;
		};
/* End XCConfigurationList section */
	};
	rootObject = E4EB4A0422E5DBF100019C8C /* Project object */;
}
